// !$*UTF8*$!
{
	archiveVersion = 1;
	classes = {
	};
	objectVersion = 56;
	objects = {

/* Begin PBXBuildFile section */
		BE4769142D436D4A0076CE6F /* Model.swift in Sources */ = {isa = PBXBuildFile; fileRef = BE4769132D436D4A0076CE6F /* Model.swift */; };
		BE4769162D43732A0076CE6F /* CommonStruct.metal in Sources */ = {isa = PBXBuildFile; fileRef = BE4769152D43732A0076CE6F /* CommonStruct.metal */; };
		BEA704A92D44AEFF00ED727D /* Extension+Float.swift in Sources */ = {isa = PBXBuildFile; fileRef = BEA704A82D44AEFF00ED727D /* Extension+Float.swift */; };
		BEA704AB2D44AF4000ED727D /* Extension+simd_float4x4.swift in Sources */ = {isa = PBXBuildFile; fileRef = BEA704AA2D44AF4000ED727D /* Extension+simd_float4x4.swift */; };
		BEAD3F772D3F5FF1001093DD /* LightingApp.swift in Sources */ = {isa = PBXBuildFile; fileRef = BEAD3F762D3F5FF1001093DD /* LightingApp.swift */; };
		BEAD3F792D3F5FF1001093DD /* ContentView.swift in Sources */ = {isa = PBXBuildFile; fileRef = BEAD3F782D3F5FF1001093DD /* ContentView.swift */; };
		BEAD3F7B2D3F5FF3001093DD /* Assets.xcassets in Resources */ = {isa = PBXBuildFile; fileRef = BEAD3F7A2D3F5FF3001093DD /* Assets.xcassets */; };
		BEAD3F7E2D3F5FF3001093DD /* Preview Assets.xcassets in Resources */ = {isa = PBXBuildFile; fileRef = BEAD3F7D2D3F5FF3001093DD /* Preview Assets.xcassets */; };
		BEAD3F852D3F62FF001093DD /* RendererViewController.swift in Sources */ = {isa = PBXBuildFile; fileRef = BEAD3F842D3F62FF001093DD /* RendererViewController.swift */; };
		BEAD3F892D3F667F001093DD /* RendererView.swift in Sources */ = {isa = PBXBuildFile; fileRef = BEAD3F882D3F667F001093DD /* RendererView.swift */; };
		BEAD3F8D2D3F7423001093DD /* MainFunc.metal in Sources */ = {isa = PBXBuildFile; fileRef = BEAD3F8C2D3F7423001093DD /* MainFunc.metal */; };
		BEAD3F932D3F973A001093DD /* RendererViewController+Depth.swift in Sources */ = {isa = PBXBuildFile; fileRef = BEAD3F922D3F973A001093DD /* RendererViewController+Depth.swift */; };
/* End PBXBuildFile section */

/* Begin PBXFileReference section */
		BE4769132D436D4A0076CE6F /* Model.swift */ = {isa = PBXFileReference; lastKnownFileType = sourcecode.swift; path = Model.swift; sourceTree = "<group>"; };
		BE4769152D43732A0076CE6F /* CommonStruct.metal */ = {isa = PBXFileReference; lastKnownFileType = sourcecode.metal; path = CommonStruct.metal; sourceTree = "<group>"; };
		BEA704A82D44AEFF00ED727D /* Extension+Float.swift */ = {isa = PBXFileReference; lastKnownFileType = sourcecode.swift; path = "Extension+Float.swift"; sourceTree = "<group>"; };
		BEA704AA2D44AF4000ED727D /* Extension+simd_float4x4.swift */ = {isa = PBXFileReference; lastKnownFileType = sourcecode.swift; path = "Extension+simd_float4x4.swift"; sourceTree = "<group>"; };
		BEAD3F732D3F5FF1001093DD /* Lighting.app */ = {isa = PBXFileReference; explicitFileType = wrapper.application; includeInIndex = 0; path = Lighting.app; sourceTree = BUILT_PRODUCTS_DIR; };
		BEAD3F762D3F5FF1001093DD /* LightingApp.swift */ = {isa = PBXFileReference; lastKnownFileType = sourcecode.swift; path = LightingApp.swift; sourceTree = "<group>"; };
		BEAD3F782D3F5FF1001093DD /* ContentView.swift */ = {isa = PBXFileReference; lastKnownFileType = sourcecode.swift; path = ContentView.swift; sourceTree = "<group>"; };
		BEAD3F7A2D3F5FF3001093DD /* Assets.xcassets */ = {isa = PBXFileReference; lastKnownFileType = folder.assetcatalog; path = Assets.xcassets; sourceTree = "<group>"; };
		BEAD3F7D2D3F5FF3001093DD /* Preview Assets.xcassets */ = {isa = PBXFileReference; lastKnownFileType = folder.assetcatalog; path = "Preview Assets.xcassets"; sourceTree = "<group>"; };
		BEAD3F842D3F62FF001093DD /* RendererViewController.swift */ = {isa = PBXFileReference; lastKnownFileType = sourcecode.swift; path = RendererViewController.swift; sourceTree = "<group>"; };
		BEAD3F882D3F667F001093DD /* RendererView.swift */ = {isa = PBXFileReference; lastKnownFileType = sourcecode.swift; path = RendererView.swift; sourceTree = "<group>"; };
		BEAD3F8C2D3F7423001093DD /* MainFunc.metal */ = {isa = PBXFileReference; lastKnownFileType = sourcecode.metal; path = MainFunc.metal; sourceTree = "<group>"; };
		BEAD3F922D3F973A001093DD /* RendererViewController+Depth.swift */ = {isa = PBXFileReference; lastKnownFileType = sourcecode.swift; path = "RendererViewController+Depth.swift"; sourceTree = "<group>"; };
/* End PBXFileReference section */

/* Begin PBXFrameworksBuildPhase section */
		BEAD3F702D3F5FF1001093DD /* Frameworks */ = {
			isa = PBXFrameworksBuildPhase;
			buildActionMask = 2147483647;
			files = (
			);
			runOnlyForDeploymentPostprocessing = 0;
		};
/* End PBXFrameworksBuildPhase section */

/* Begin PBXGroup section */
		BE5C0AD72D43787700F64C0D /* Shader */ = {
			isa = PBXGroup;
			children = (
				BEAD3F8C2D3F7423001093DD /* MainFunc.metal */,
				BE4769152D43732A0076CE6F /* CommonStruct.metal */,
			);
			path = Shader;
			sourceTree = "<group>";
		};
		BE5C0AD82D4378FD00F64C0D /* View */ = {
			isa = PBXGroup;
			children = (
				BEAD3F782D3F5FF1001093DD /* ContentView.swift */,
				BEAD3F882D3F667F001093DD /* RendererView.swift */,
			);
			path = View;
			sourceTree = "<group>";
		};
		BE5C0AD92D43790400F64C0D /* ViewContriller */ = {
			isa = PBXGroup;
			children = (
				BEAD3F842D3F62FF001093DD /* RendererViewController.swift */,
				BEAD3F922D3F973A001093DD /* RendererViewController+Depth.swift */,
			);
			path = ViewContriller;
			sourceTree = "<group>";
		};
		BEA704A72D44AED800ED727D /* Math */ = {
			isa = PBXGroup;
			children = (
				BEA704A82D44AEFF00ED727D /* Extension+Float.swift */,
				BEA704AA2D44AF4000ED727D /* Extension+simd_float4x4.swift */,
			);
			path = Math;
			sourceTree = "<group>";
		};
		BEAD3F6A2D3F5FF1001093DD = {
			isa = PBXGroup;
			children = (
				BEAD3F752D3F5FF1001093DD /* Lighting */,
				BEAD3F742D3F5FF1001093DD /* Products */,
			);
			sourceTree = "<group>";
		};
		BEAD3F742D3F5FF1001093DD /* Products */ = {
			isa = PBXGroup;
			children = (
				BEAD3F732D3F5FF1001093DD /* Lighting.app */,
			);
			name = Products;
			sourceTree = "<group>";
		};
		BEAD3F752D3F5FF1001093DD /* Lighting */ = {
			isa = PBXGroup;
			children = (
				BE4769132D436D4A0076CE6F /* Model.swift */,
				BE5C0AD82D4378FD00F64C0D /* View */,
				BE5C0AD92D43790400F64C0D /* ViewContriller */,
				BEA704A72D44AED800ED727D /* Math */,
				BE5C0AD72D43787700F64C0D /* Shader */,
				BEAD3F762D3F5FF1001093DD /* LightingApp.swift */,
				BEAD3F7A2D3F5FF3001093DD /* Assets.xcassets */,
				BEAD3F7C2D3F5FF3001093DD /* Preview Content */,
			);
			path = Lighting;
			sourceTree = "<group>";
		};
		BEAD3F7C2D3F5FF3001093DD /* Preview Content */ = {
			isa = PBXGroup;
			children = (
				BEAD3F7D2D3F5FF3001093DD /* Preview Assets.xcassets */,
			);
			path = "Preview Content";
			sourceTree = "<group>";
		};
/* End PBXGroup section */

/* Begin PBXNativeTarget section */
		BEAD3F722D3F5FF1001093DD /* Lighting */ = {
			isa = PBXNativeTarget;
			buildConfigurationList = BEAD3F812D3F5FF3001093DD /* Build configuration list for PBXNativeTarget "Lighting" */;
			buildPhases = (
				BEAD3F6F2D3F5FF1001093DD /* Sources */,
				BEAD3F702D3F5FF1001093DD /* Frameworks */,
				BEAD3F712D3F5FF1001093DD /* Resources */,
			);
			buildRules = (
			);
			dependencies = (
			);
			name = Lighting;
			productName = Lighting;
			productReference = BEAD3F732D3F5FF1001093DD /* Lighting.app */;
			productType = "com.apple.product-type.application";
		};
/* End PBXNativeTarget section */

/* Begin PBXProject section */
		BEAD3F6B2D3F5FF1001093DD /* Project object */ = {
			isa = PBXProject;
			attributes = {
				BuildIndependentTargetsInParallel = 1;
				LastSwiftUpdateCheck = 1420;
				LastUpgradeCheck = 1420;
				TargetAttributes = {
					BEAD3F722D3F5FF1001093DD = {
						CreatedOnToolsVersion = 14.2;
					};
				};
			};
			buildConfigurationList = BEAD3F6E2D3F5FF1001093DD /* Build configuration list for PBXProject "Lighting" */;
			compatibilityVersion = "Xcode 14.0";
			developmentRegion = en;
			hasScannedForEncodings = 0;
			knownRegions = (
				en,
				Base,
			);
			mainGroup = BEAD3F6A2D3F5FF1001093DD;
			productRefGroup = BEAD3F742D3F5FF1001093DD /* Products */;
			projectDirPath = "";
			projectRoot = "";
			targets = (
				BEAD3F722D3F5FF1001093DD /* Lighting */,
			);
		};
/* End PBXProject section */

/* Begin PBXResourcesBuildPhase section */
		BEAD3F712D3F5FF1001093DD /* Resources */ = {
			isa = PBXResourcesBuildPhase;
			buildActionMask = 2147483647;
			files = (
				BEAD3F7E2D3F5FF3001093DD /* Preview Assets.xcassets in Resources */,
				BEAD3F7B2D3F5FF3001093DD /* Assets.xcassets in Resources */,
			);
			runOnlyForDeploymentPostprocessing = 0;
		};
/* End PBXResourcesBuildPhase section */

/* Begin PBXSourcesBuildPhase section */
		BEAD3F6F2D3F5FF1001093DD /* Sources */ = {
			isa = PBXSourcesBuildPhase;
			buildActionMask = 2147483647;
			files = (
				BEAD3F8D2D3F7423001093DD /* MainFunc.metal in Sources */,
				BE4769162D43732A0076CE6F /* CommonStruct.metal in Sources */,
				BEAD3F792D3F5FF1001093DD /* ContentView.swift in Sources */,
				BEAD3F892D3F667F001093DD /* RendererView.swift in Sources */,
				BEAD3F852D3F62FF001093DD /* RendererViewController.swift in Sources */,
				BEAD3F772D3F5FF1001093DD /* LightingApp.swift in Sources */,
				BEAD3F932D3F973A001093DD /* RendererViewController+Depth.swift in Sources */,
				BEA704A92D44AEFF00ED727D /* Extension+Float.swift in Sources */,
				BE4769142D436D4A0076CE6F /* Model.swift in Sources */,
				BEA704AB2D44AF4000ED727D /* Extension+simd_float4x4.swift in Sources */,
			);
			runOnlyForDeploymentPostprocessing = 0;
		};
/* End PBXSourcesBuildPhase section */

/* Begin XCBuildConfiguration section */
		BEAD3F7F2D3F5FF3001093DD /* Debug */ = {
			isa = XCBuildConfiguration;
			buildSettings = {
				ALWAYS_SEARCH_USER_PATHS = NO;
				CLANG_ANALYZER_NONNULL = YES;
				CLANG_ANALYZER_NUMBER_OBJECT_CONVERSION = YES_AGGRESSIVE;
				CLANG_CXX_LANGUAGE_STANDARD = "gnu++20";
				CLANG_ENABLE_MODULES = YES;
				CLANG_ENABLE_OBJC_ARC = YES;
				CLANG_ENABLE_OBJC_WEAK = YES;
				CLANG_WARN_BLOCK_CAPTURE_AUTORELEASING = YES;
				CLANG_WARN_BOOL_CONVERSION = YES;
				CLANG_WARN_COMMA = YES;
				CLANG_WARN_CONSTANT_CONVERSION = YES;
				CLANG_WARN_DEPRECATED_OBJC_IMPLEMENTATIONS = YES;
				CLANG_WARN_DIRECT_OBJC_ISA_USAGE = YES_ERROR;
				CLANG_WARN_DOCUMENTATION_COMMENTS = YES;
				CLANG_WARN_EMPTY_BODY = YES;
				CLANG_WARN_ENUM_CONVERSION = YES;
				CLANG_WARN_INFINITE_RECURSION = YES;
				CLANG_WARN_INT_CONVERSION = YES;
				CLANG_WARN_NON_LITERAL_NULL_CONVERSION = YES;
				CLANG_WARN_OBJC_IMPLICIT_RETAIN_SELF = YES;
				CLANG_WARN_OBJC_LITERAL_CONVERSION = YES;
				CLANG_WARN_OBJC_ROOT_CLASS = YES_ERROR;
				CLANG_WARN_QUOTED_INCLUDE_IN_FRAMEWORK_HEADER = YES;
				CLANG_WARN_RANGE_LOOP_ANALYSIS = YES;
				CLANG_WARN_STRICT_PROTOTYPES = YES;
				CLANG_WARN_SUSPICIOUS_MOVE = YES;
				CLANG_WARN_UNGUARDED_AVAILABILITY = YES_AGGRESSIVE;
				CLANG_WARN_UNREACHABLE_CODE = YES;
				CLANG_WARN__DUPLICATE_METHOD_MATCH = YES;
				COPY_PHASE_STRIP = NO;
				DEBUG_INFORMATION_FORMAT = dwarf;
				ENABLE_STRICT_OBJC_MSGSEND = YES;
				ENABLE_TESTABILITY = YES;
				GCC_C_LANGUAGE_STANDARD = gnu11;
				GCC_DYNAMIC_NO_PIC = NO;
				GCC_NO_COMMON_BLOCKS = YES;
				GCC_OPTIMIZATION_LEVEL = 0;
				GCC_PREPROCESSOR_DEFINITIONS = (
					"DEBUG=1",
					"$(inherited)",
				);
				GCC_WARN_64_TO_32_BIT_CONVERSION = YES;
				GCC_WARN_ABOUT_RETURN_TYPE = YES_ERROR;
				GCC_WARN_UNDECLARED_SELECTOR = YES;
				GCC_WARN_UNINITIALIZED_AUTOS = YES_AGGRESSIVE;
				GCC_WARN_UNUSED_FUNCTION = YES;
				GCC_WARN_UNUSED_VARIABLE = YES;
				IPHONEOS_DEPLOYMENT_TARGET = 16.2;
				MTL_ENABLE_DEBUG_INFO = INCLUDE_SOURCE;
				MTL_FAST_MATH = YES;
				ONLY_ACTIVE_ARCH = YES;
				SDKROOT = iphoneos;
				SWIFT_ACTIVE_COMPILATION_CONDITIONS = DEBUG;
				SWIFT_OPTIMIZATION_LEVEL = "-Onone";
			};
			name = Debug;
		};
		BEAD3F802D3F5FF3001093DD /* Release */ = {
			isa = XCBuildConfiguration;
			buildSettings = {
				ALWAYS_SEARCH_USER_PATHS = NO;
				CLANG_ANALYZER_NONNULL = YES;
				CLANG_ANALYZER_NUMBER_OBJECT_CONVERSION = YES_AGGRESSIVE;
				CLANG_CXX_LANGUAGE_STANDARD = "gnu++20";
				CLANG_ENABLE_MODULES = YES;
				CLANG_ENABLE_OBJC_ARC = YES;
				CLANG_ENABLE_OBJC_WEAK = YES;
				CLANG_WARN_BLOCK_CAPTURE_AUTORELEASING = YES;
				CLANG_WARN_BOOL_CONVERSION = YES;
				CLANG_WARN_COMMA = YES;
				CLANG_WARN_CONSTANT_CONVERSION = YES;
				CLANG_WARN_DEPRECATED_OBJC_IMPLEMENTATIONS = YES;
				CLANG_WARN_DIRECT_OBJC_ISA_USAGE = YES_ERROR;
				CLANG_WARN_DOCUMENTATION_COMMENTS = YES;
				CLANG_WARN_EMPTY_BODY = YES;
				CLANG_WARN_ENUM_CONVERSION = YES;
				CLANG_WARN_INFINITE_RECURSION = YES;
				CLANG_WARN_INT_CONVERSION = YES;
				CLANG_WARN_NON_LITERAL_NULL_CONVERSION = YES;
				CLANG_WARN_OBJC_IMPLICIT_RETAIN_SELF = YES;
				CLANG_WARN_OBJC_LITERAL_CONVERSION = YES;
				CLANG_WARN_OBJC_ROOT_CLASS = YES_ERROR;
				CLANG_WARN_QUOTED_INCLUDE_IN_FRAMEWORK_HEADER = YES;
				CLANG_WARN_RANGE_LOOP_ANALYSIS = YES;
				CLANG_WARN_STRICT_PROTOTYPES = YES;
				CLANG_WARN_SUSPICIOUS_MOVE = YES;
				CLANG_WARN_UNGUARDED_AVAILABILITY = YES_AGGRESSIVE;
				CLANG_WARN_UNREACHABLE_CODE = YES;
				CLANG_WARN__DUPLICATE_METHOD_MATCH = YES;
				COPY_PHASE_STRIP = NO;
				DEBUG_INFORMATION_FORMAT = "dwarf-with-dsym";
				ENABLE_NS_ASSERTIONS = NO;
				ENABLE_STRICT_OBJC_MSGSEND = YES;
				GCC_C_LANGUAGE_STANDARD = gnu11;
				GCC_NO_COMMON_BLOCKS = YES;
				GCC_WARN_64_TO_32_BIT_CONVERSION = YES;
				GCC_WARN_ABOUT_RETURN_TYPE = YES_ERROR;
				GCC_WARN_UNDECLARED_SELECTOR = YES;
				GCC_WARN_UNINITIALIZED_AUTOS = YES_AGGRESSIVE;
				GCC_WARN_UNUSED_FUNCTION = YES;
				GCC_WARN_UNUSED_VARIABLE = YES;
				IPHONEOS_DEPLOYMENT_TARGET = 16.2;
				MTL_ENABLE_DEBUG_INFO = NO;
				MTL_FAST_MATH = YES;
				SDKROOT = iphoneos;
				SWIFT_COMPILATION_MODE = wholemodule;
				SWIFT_OPTIMIZATION_LEVEL = "-O";
				VALIDATE_PRODUCT = YES;
			};
			name = Release;
		};
		BEAD3F822D3F5FF3001093DD /* Debug */ = {
			isa = XCBuildConfiguration;
			buildSettings = {
				ASSETCATALOG_COMPILER_APPICON_NAME = AppIcon;
				ASSETCATALOG_COMPILER_GLOBAL_ACCENT_COLOR_NAME = AccentColor;
				CODE_SIGN_STYLE = Automatic;
				CURRENT_PROJECT_VERSION = 1;
				DEVELOPMENT_ASSET_PATHS = "\"Lighting/Preview Content\"";
				DEVELOPMENT_TEAM = 8T9KYF6LUJ;
				ENABLE_PREVIEWS = YES;
				GENERATE_INFOPLIST_FILE = YES;
				INFOPLIST_KEY_UIApplicationSceneManifest_Generation = YES;
				INFOPLIST_KEY_UIApplicationSupportsIndirectInputEvents = YES;
				INFOPLIST_KEY_UILaunchScreen_Generation = YES;
				INFOPLIST_KEY_UISupportedInterfaceOrientations_iPad = "UIInterfaceOrientationPortrait UIInterfaceOrientationPortraitUpsideDown UIInterfaceOrientationLandscapeLeft UIInterfaceOrientationLandscapeRight";
				INFOPLIST_KEY_UISupportedInterfaceOrientations_iPhone = "UIInterfaceOrientationPortrait UIInterfaceOrientationLandscapeLeft UIInterfaceOrientationLandscapeRight";
				LD_RUNPATH_SEARCH_PATHS = (
					"$(inherited)",
					"@executable_path/Frameworks",
				);
				MARKETING_VERSION = 1.0;
				PRODUCT_BUNDLE_IDENTIFIER = khl.Lighting;
				PRODUCT_NAME = "$(TARGET_NAME)";
				SWIFT_EMIT_LOC_STRINGS = YES;
				SWIFT_VERSION = 5.0;
				TARGETED_DEVICE_FAMILY = "1,2";
			};
			name = Debug;
		};
		BEAD3F832D3F5FF3001093DD /* Release */ = {
			isa = XCBuildConfiguration;
			buildSettings = {
				ASSETCATALOG_COMPILER_APPICON_NAME = AppIcon;
				ASSETCATALOG_COMPILER_GLOBAL_ACCENT_COLOR_NAME = AccentColor;
				CODE_SIGN_STYLE = Automatic;
				CURRENT_PROJECT_VERSION = 1;
				DEVELOPMENT_ASSET_PATHS = "\"Lighting/Preview Content\"";
				DEVELOPMENT_TEAM = 8T9KYF6LUJ;
				ENABLE_PREVIEWS = YES;
				GENERATE_INFOPLIST_FILE = YES;
				INFOPLIST_KEY_UIApplicationSceneManifest_Generation = YES;
				INFOPLIST_KEY_UIApplicationSupportsIndirectInputEvents = YES;
				INFOPLIST_KEY_UILaunchScreen_Generation = YES;
				INFOPLIST_KEY_UISupportedInterfaceOrientations_iPad = "UIInterfaceOrientationPortrait UIInterfaceOrientationPortraitUpsideDown UIInterfaceOrientationLandscapeLeft UIInterfaceOrientationLandscapeRight";
				INFOPLIST_KEY_UISupportedInterfaceOrientations_iPhone = "UIInterfaceOrientationPortrait UIInterfaceOrientationLandscapeLeft UIInterfaceOrientationLandscapeRight";
				LD_RUNPATH_SEARCH_PATHS = (
					"$(inherited)",
					"@executable_path/Frameworks",
				);
				MARKETING_VERSION = 1.0;
				PRODUCT_BUNDLE_IDENTIFIER = khl.Lighting;
				PRODUCT_NAME = "$(TARGET_NAME)";
				SWIFT_EMIT_LOC_STRINGS = YES;
				SWIFT_VERSION = 5.0;
				TARGETED_DEVICE_FAMILY = "1,2";
			};
			name = Release;
		};
/* End XCBuildConfiguration section */

/* Begin XCConfigurationList section */
		BEAD3F6E2D3F5FF1001093DD /* Build configuration list for PBXProject "Lighting" */ = {
			isa = XCConfigurationList;
			buildConfigurations = (
				BEAD3F7F2D3F5FF3001093DD /* Debug */,
				BEAD3F802D3F5FF3001093DD /* Release */,
			);
			defaultConfigurationIsVisible = 0;
			defaultConfigurationName = Release;
		};
		BEAD3F812D3F5FF3001093DD /* Build configuration list for PBXNativeTarget "Lighting" */ = {
			isa = XCConfigurationList;
			buildConfigurations = (
				BEAD3F822D3F5FF3001093DD /* Debug */,
				BEAD3F832D3F5FF3001093DD /* Release */,
			);
			defaultConfigurationIsVisible = 0;
			defaultConfigurationName = Release;
		};
/* End XCConfigurationList section */
	};
	rootObject = BEAD3F6B2D3F5FF1001093DD /* Project object */;
}
