// !$*UTF8*$!
{
	archiveVersion = 1;
	classes = {
	};
	objectVersion = 56;
	objects = {

/* Begin PBXBuildFile section */
		BEAC7D1D2BE318C6009F4B5B /* main.mm in Sources */ = {isa = PBXBuildFile; fileRef = BEAC7D1C2BE318C6009F4B5B /* main.mm */; };
		BEAC7D262BE31969009F4B5B /* Foundation.framework in Frameworks */ = {isa = PBXBuildFile; fileRef = BEAC7D252BE31969009F4B5B /* Foundation.framework */; };
		BEAC7D282BE31972009F4B5B /* Metal.framework in Frameworks */ = {isa = PBXBuildFile; fileRef = BEAC7D272BE31972009F4B5B /* Metal.framework */; };
		BEAC7D2C2BE3199F009F4B5B /* mtl_implementation.cpp in Sources */ = {isa = PBXBuildFile; fileRef = BEAC7D2B2BE3199F009F4B5B /* mtl_implementation.cpp */; };
		BEAC7D302BE31DCB009F4B5B /* libglfw.3.4.dylib in Frameworks */ = {isa = PBXBuildFile; fileRef = BEAC7D2D2BE31A4A009F4B5B /* libglfw.3.4.dylib */; };
		BEAC7D342BE32B33009F4B5B /* mtl_engine.mm in Sources */ = {isa = PBXBuildFile; fileRef = BEAC7D322BE32B33009F4B5B /* mtl_engine.mm */; };
		BEAC7D352BE330A9009F4B5B /* QuartzCore.framework in Frameworks */ = {isa = PBXBuildFile; fileRef = BEAC7D292BE3197A009F4B5B /* QuartzCore.framework */; };
/* End PBXBuildFile section */

/* Begin PBXCopyFilesBuildPhase section */
		BEAC7D172BE318C6009F4B5B /* CopyFiles */ = {
			isa = PBXCopyFilesBuildPhase;
			buildActionMask = 2147483647;
			dstPath = /usr/share/man/man1/;
			dstSubfolderSpec = 0;
			files = (
			);
			runOnlyForDeploymentPostprocessing = 1;
		};
/* End PBXCopyFilesBuildPhase section */

/* Begin PBXFileReference section */
		BE1B71EC2BE332990076773A /* mtl_engine.hpp */ = {isa = PBXFileReference; lastKnownFileType = sourcecode.cpp.h; path = mtl_engine.hpp; sourceTree = "<group>"; };
		BE1B71ED2BE34E500076773A /* metal-cpp */ = {isa = PBXFileReference; lastKnownFileType = folder; path = "metal-cpp"; sourceTree = "<group>"; };
		BEAC7D192BE318C6009F4B5B /* Metal-Tutorial */ = {isa = PBXFileReference; explicitFileType = "compiled.mach-o.executable"; includeInIndex = 0; path = "Metal-Tutorial"; sourceTree = BUILT_PRODUCTS_DIR; };
		BEAC7D1C2BE318C6009F4B5B /* main.mm */ = {isa = PBXFileReference; lastKnownFileType = sourcecode.cpp.objcpp; path = main.mm; sourceTree = "<group>"; };
		BEAC7D252BE31969009F4B5B /* Foundation.framework */ = {isa = PBXFileReference; lastKnownFileType = wrapper.framework; name = Foundation.framework; path = System/Library/Frameworks/Foundation.framework; sourceTree = SDKROOT; };
		BEAC7D272BE31972009F4B5B /* Metal.framework */ = {isa = PBXFileReference; lastKnownFileType = wrapper.framework; name = Metal.framework; path = System/Library/Frameworks/Metal.framework; sourceTree = SDKROOT; };
		BEAC7D292BE3197A009F4B5B /* QuartzCore.framework */ = {isa = PBXFileReference; lastKnownFileType = wrapper.framework; name = QuartzCore.framework; path = System/Library/Frameworks/QuartzCore.framework; sourceTree = SDKROOT; };
		BEAC7D2B2BE3199F009F4B5B /* mtl_implementation.cpp */ = {isa = PBXFileReference; lastKnownFileType = sourcecode.cpp.cpp; path = mtl_implementation.cpp; sourceTree = "<group>"; };
		BEAC7D2D2BE31A4A009F4B5B /* libglfw.3.4.dylib */ = {isa = PBXFileReference; lastKnownFileType = "compiled.mach-o.dylib"; name = libglfw.3.4.dylib; path = ../../../../../usr/local/Cellar/glfw/3.4/lib/libglfw.3.4.dylib; sourceTree = "<group>"; };
		BEAC7D312BE31ECD009F4B5B /* Metal-Tutorial.entitlements */ = {isa = PBXFileReference; lastKnownFileType = text.plist.entitlements; path = "Metal-Tutorial.entitlements"; sourceTree = "<group>"; };
		BEAC7D322BE32B33009F4B5B /* mtl_engine.mm */ = {isa = PBXFileReference; lastKnownFileType = sourcecode.cpp.objcpp; path = mtl_engine.mm; sourceTree = "<group>"; };
/* End PBXFileReference section */

/* Begin PBXFrameworksBuildPhase section */
		BEAC7D162BE318C6009F4B5B /* Frameworks */ = {
			isa = PBXFrameworksBuildPhase;
			buildActionMask = 2147483647;
			files = (
				BEAC7D352BE330A9009F4B5B /* QuartzCore.framework in Frameworks */,
				BEAC7D302BE31DCB009F4B5B /* libglfw.3.4.dylib in Frameworks */,
				BEAC7D282BE31972009F4B5B /* Metal.framework in Frameworks */,
				BEAC7D262BE31969009F4B5B /* Foundation.framework in Frameworks */,
			);
			runOnlyForDeploymentPostprocessing = 0;
		};
/* End PBXFrameworksBuildPhase section */

/* Begin PBXGroup section */
		BEAC7D102BE318C6009F4B5B = {
			isa = PBXGroup;
			children = (
				BE1B71ED2BE34E500076773A /* metal-cpp */,
				BEAC7D1B2BE318C6009F4B5B /* Metal-Tutorial */,
				BEAC7D1A2BE318C6009F4B5B /* Products */,
				BEAC7D242BE31968009F4B5B /* Frameworks */,
			);
			sourceTree = "<group>";
		};
		BEAC7D1A2BE318C6009F4B5B /* Products */ = {
			isa = PBXGroup;
			children = (
				BEAC7D192BE318C6009F4B5B /* Metal-Tutorial */,
			);
			name = Products;
			sourceTree = "<group>";
		};
		BEAC7D1B2BE318C6009F4B5B /* Metal-Tutorial */ = {
			isa = PBXGroup;
			children = (
				BEAC7D312BE31ECD009F4B5B /* Metal-Tutorial.entitlements */,
				BEAC7D1C2BE318C6009F4B5B /* main.mm */,
				BEAC7D2B2BE3199F009F4B5B /* mtl_implementation.cpp */,
				BEAC7D322BE32B33009F4B5B /* mtl_engine.mm */,
				BE1B71EC2BE332990076773A /* mtl_engine.hpp */,
			);
			path = "Metal-Tutorial";
			sourceTree = "<group>";
		};
		BEAC7D242BE31968009F4B5B /* Frameworks */ = {
			isa = PBXGroup;
			children = (
				BEAC7D2D2BE31A4A009F4B5B /* libglfw.3.4.dylib */,
				BEAC7D292BE3197A009F4B5B /* QuartzCore.framework */,
				BEAC7D272BE31972009F4B5B /* Metal.framework */,
				BEAC7D252BE31969009F4B5B /* Foundation.framework */,
			);
			name = Frameworks;
			sourceTree = "<group>";
		};
/* End PBXGroup section */

/* Begin PBXNativeTarget section */
		BEAC7D182BE318C6009F4B5B /* Metal-Tutorial */ = {
			isa = PBXNativeTarget;
			buildConfigurationList = BEAC7D202BE318C6009F4B5B /* Build configuration list for PBXNativeTarget "Metal-Tutorial" */;
			buildPhases = (
				BEAC7D152BE318C6009F4B5B /* Sources */,
				BEAC7D162BE318C6009F4B5B /* Frameworks */,
				BEAC7D172BE318C6009F4B5B /* CopyFiles */,
			);
			buildRules = (
			);
			dependencies = (
			);
			name = "Metal-Tutorial";
			productName = "Metal-Tutorial";
			productReference = BEAC7D192BE318C6009F4B5B /* Metal-Tutorial */;
			productType = "com.apple.product-type.tool";
		};
/* End PBXNativeTarget section */

/* Begin PBXProject section */
		BEAC7D112BE318C6009F4B5B /* Project object */ = {
			isa = PBXProject;
			attributes = {
				BuildIndependentTargetsInParallel = 1;
				LastUpgradeCheck = 1420;
				TargetAttributes = {
					BEAC7D182BE318C6009F4B5B = {
						CreatedOnToolsVersion = 14.2;
					};
				};
			};
			buildConfigurationList = BEAC7D142BE318C6009F4B5B /* Build configuration list for PBXProject "Metal-Tutorial" */;
			compatibilityVersion = "Xcode 14.0";
			developmentRegion = en;
			hasScannedForEncodings = 0;
			knownRegions = (
				en,
				Base,
			);
			mainGroup = BEAC7D102BE318C6009F4B5B;
			productRefGroup = BEAC7D1A2BE318C6009F4B5B /* Products */;
			projectDirPath = "";
			projectRoot = "";
			targets = (
				BEAC7D182BE318C6009F4B5B /* Metal-Tutorial */,
			);
		};
/* End PBXProject section */

/* Begin PBXSourcesBuildPhase section */
		BEAC7D152BE318C6009F4B5B /* Sources */ = {
			isa = PBXSourcesBuildPhase;
			buildActionMask = 2147483647;
			files = (
				BEAC7D342BE32B33009F4B5B /* mtl_engine.mm in Sources */,
				BEAC7D1D2BE318C6009F4B5B /* main.mm in Sources */,
				BEAC7D2C2BE3199F009F4B5B /* mtl_implementation.cpp in Sources */,
			);
			runOnlyForDeploymentPostprocessing = 0;
		};
/* End PBXSourcesBuildPhase section */

/* Begin XCBuildConfiguration section */
		BEAC7D1E2BE318C6009F4B5B /* Debug */ = {
			isa = XCBuildConfiguration;
			buildSettings = {
				ALWAYS_SEARCH_USER_PATHS = NO;
				CLANG_ANALYZER_NONNULL = YES;
				CLANG_ANALYZER_NUMBER_OBJECT_CONVERSION = YES_AGGRESSIVE;
				CLANG_CXX_LANGUAGE_STANDARD = "gnu++20";
				CLANG_ENABLE_MODULES = YES;
				CLANG_ENABLE_OBJC_ARC = YES;
				CLANG_ENABLE_OBJC_WEAK = YES;
				CLANG_WARN_BLOCK_CAPTURE_AUTORELEASING = YES;
				CLANG_WARN_BOOL_CONVERSION = YES;
				CLANG_WARN_COMMA = YES;
				CLANG_WARN_CONSTANT_CONVERSION = YES;
				CLANG_WARN_DEPRECATED_OBJC_IMPLEMENTATIONS = YES;
				CLANG_WARN_DIRECT_OBJC_ISA_USAGE = YES_ERROR;
				CLANG_WARN_DOCUMENTATION_COMMENTS = YES;
				CLANG_WARN_EMPTY_BODY = YES;
				CLANG_WARN_ENUM_CONVERSION = YES;
				CLANG_WARN_INFINITE_RECURSION = YES;
				CLANG_WARN_INT_CONVERSION = YES;
				CLANG_WARN_NON_LITERAL_NULL_CONVERSION = YES;
				CLANG_WARN_OBJC_IMPLICIT_RETAIN_SELF = YES;
				CLANG_WARN_OBJC_LITERAL_CONVERSION = YES;
				CLANG_WARN_OBJC_ROOT_CLASS = YES_ERROR;
				CLANG_WARN_QUOTED_INCLUDE_IN_FRAMEWORK_HEADER = YES;
				CLANG_WARN_RANGE_LOOP_ANALYSIS = YES;
				CLANG_WARN_STRICT_PROTOTYPES = YES;
				CLANG_WARN_SUSPICIOUS_MOVE = YES;
				CLANG_WARN_UNGUARDED_AVAILABILITY = YES_AGGRESSIVE;
				CLANG_WARN_UNREACHABLE_CODE = YES;
				CLANG_WARN__DUPLICATE_METHOD_MATCH = YES;
				COPY_PHASE_STRIP = NO;
				DEBUG_INFORMATION_FORMAT = dwarf;
				ENABLE_STRICT_OBJC_MSGSEND = YES;
				ENABLE_TESTABILITY = YES;
				GCC_C_LANGUAGE_STANDARD = gnu11;
				GCC_DYNAMIC_NO_PIC = NO;
				GCC_NO_COMMON_BLOCKS = YES;
				GCC_OPTIMIZATION_LEVEL = 0;
				GCC_PREPROCESSOR_DEFINITIONS = (
					"DEBUG=1",
					"$(inherited)",
				);
				GCC_WARN_64_TO_32_BIT_CONVERSION = YES;
				GCC_WARN_ABOUT_RETURN_TYPE = YES_ERROR;
				GCC_WARN_UNDECLARED_SELECTOR = YES;
				GCC_WARN_UNINITIALIZED_AUTOS = YES_AGGRESSIVE;
				GCC_WARN_UNUSED_FUNCTION = YES;
				GCC_WARN_UNUSED_VARIABLE = YES;
				MACOSX_DEPLOYMENT_TARGET = 12.7;
				MTL_ENABLE_DEBUG_INFO = INCLUDE_SOURCE;
				MTL_FAST_MATH = YES;
				ONLY_ACTIVE_ARCH = YES;
				SDKROOT = macosx;
			};
			name = Debug;
		};
		BEAC7D1F2BE318C6009F4B5B /* Release */ = {
			isa = XCBuildConfiguration;
			buildSettings = {
				ALWAYS_SEARCH_USER_PATHS = NO;
				CLANG_ANALYZER_NONNULL = YES;
				CLANG_ANALYZER_NUMBER_OBJECT_CONVERSION = YES_AGGRESSIVE;
				CLANG_CXX_LANGUAGE_STANDARD = "gnu++20";
				CLANG_ENABLE_MODULES = YES;
				CLANG_ENABLE_OBJC_ARC = YES;
				CLANG_ENABLE_OBJC_WEAK = YES;
				CLANG_WARN_BLOCK_CAPTURE_AUTORELEASING = YES;
				CLANG_WARN_BOOL_CONVERSION = YES;
				CLANG_WARN_COMMA = YES;
				CLANG_WARN_CONSTANT_CONVERSION = YES;
				CLANG_WARN_DEPRECATED_OBJC_IMPLEMENTATIONS = YES;
				CLANG_WARN_DIRECT_OBJC_ISA_USAGE = YES_ERROR;
				CLANG_WARN_DOCUMENTATION_COMMENTS = YES;
				CLANG_WARN_EMPTY_BODY = YES;
				CLANG_WARN_ENUM_CONVERSION = YES;
				CLANG_WARN_INFINITE_RECURSION = YES;
				CLANG_WARN_INT_CONVERSION = YES;
				CLANG_WARN_NON_LITERAL_NULL_CONVERSION = YES;
				CLANG_WARN_OBJC_IMPLICIT_RETAIN_SELF = YES;
				CLANG_WARN_OBJC_LITERAL_CONVERSION = YES;
				CLANG_WARN_OBJC_ROOT_CLASS = YES_ERROR;
				CLANG_WARN_QUOTED_INCLUDE_IN_FRAMEWORK_HEADER = YES;
				CLANG_WARN_RANGE_LOOP_ANALYSIS = YES;
				CLANG_WARN_STRICT_PROTOTYPES = YES;
				CLANG_WARN_SUSPICIOUS_MOVE = YES;
				CLANG_WARN_UNGUARDED_AVAILABILITY = YES_AGGRESSIVE;
				CLANG_WARN_UNREACHABLE_CODE = YES;
				CLANG_WARN__DUPLICATE_METHOD_MATCH = YES;
				COPY_PHASE_STRIP = NO;
				DEBUG_INFORMATION_FORMAT = "dwarf-with-dsym";
				ENABLE_NS_ASSERTIONS = NO;
				ENABLE_STRICT_OBJC_MSGSEND = YES;
				GCC_C_LANGUAGE_STANDARD = gnu11;
				GCC_NO_COMMON_BLOCKS = YES;
				GCC_WARN_64_TO_32_BIT_CONVERSION = YES;
				GCC_WARN_ABOUT_RETURN_TYPE = YES_ERROR;
				GCC_WARN_UNDECLARED_SELECTOR = YES;
				GCC_WARN_UNINITIALIZED_AUTOS = YES_AGGRESSIVE;
				GCC_WARN_UNUSED_FUNCTION = YES;
				GCC_WARN_UNUSED_VARIABLE = YES;
				MACOSX_DEPLOYMENT_TARGET = 12.7;
				MTL_ENABLE_DEBUG_INFO = NO;
				MTL_FAST_MATH = YES;
				SDKROOT = macosx;
			};
			name = Release;
		};
		BEAC7D212BE318C6009F4B5B /* Debug */ = {
			isa = XCBuildConfiguration;
			buildSettings = {
				CODE_SIGN_ENTITLEMENTS = "Metal-Tutorial/Metal-Tutorial.entitlements";
				CODE_SIGN_STYLE = Automatic;
				DEVELOPMENT_TEAM = 8T9KYF6LUJ;
				ENABLE_HARDENED_RUNTIME = YES;
				HEADER_SEARCH_PATHS = (
					"$(PROJECT_DIR)/metal-cpp",
					/usr/local/Cellar/glfw/3.4/include,
				);
				LIBRARY_SEARCH_PATHS = (
					"$(inherited)",
					/usr/local/Cellar/glfw/3.4/lib,
				);
				MACOSX_DEPLOYMENT_TARGET = 12.4;
				PRODUCT_NAME = "$(TARGET_NAME)";
			};
			name = Debug;
		};
		BEAC7D222BE318C6009F4B5B /* Release */ = {
			isa = XCBuildConfiguration;
			buildSettings = {
				CODE_SIGN_ENTITLEMENTS = "Metal-Tutorial/Metal-Tutorial.entitlements";
				CODE_SIGN_STYLE = Automatic;
				DEVELOPMENT_TEAM = 8T9KYF6LUJ;
				ENABLE_HARDENED_RUNTIME = YES;
				HEADER_SEARCH_PATHS = (
					"$(PROJECT_DIR)/metal-cpp",
					/usr/local/Cellar/glfw/3.4/include,
				);
				LIBRARY_SEARCH_PATHS = (
					"$(inherited)",
					/usr/local/Cellar/glfw/3.4/lib,
				);
				MACOSX_DEPLOYMENT_TARGET = 12.4;
				PRODUCT_NAME = "$(TARGET_NAME)";
			};
			name = Release;
		};
/* End XCBuildConfiguration section */

/* Begin XCConfigurationList section */
		BEAC7D142BE318C6009F4B5B /* Build configuration list for PBXProject "Metal-Tutorial" */ = {
			isa = XCConfigurationList;
			buildConfigurations = (
				BEAC7D1E2BE318C6009F4B5B /* Debug */,
				BEAC7D1F2BE318C6009F4B5B /* Release */,
			);
			defaultConfigurationIsVisible = 0;
			defaultConfigurationName = Release;
		};
		BEAC7D202BE318C6009F4B5B /* Build configuration list for PBXNativeTarget "Metal-Tutorial" */ = {
			isa = XCConfigurationList;
			buildConfigurations = (
				BEAC7D212BE318C6009F4B5B /* Debug */,
				BEAC7D222BE318C6009F4B5B /* Release */,
			);
			defaultConfigurationIsVisible = 0;
			defaultConfigurationName = Release;
		};
/* End XCConfigurationList section */
	};
	rootObject = BEAC7D112BE318C6009F4B5B /* Project object */;
}
