// !$*UTF8*$!
{
	archiveVersion = 1;
	classes = {
	};
	objectVersion = 56;
	objects = {

/* Begin PBXBuildFile section */
		BE384D5B2CFDC188000A0B50 /* Ex02_ShadersApp.swift in Sources */ = {isa = PBXBuildFile; fileRef = BE384D5A2CFDC188000A0B50 /* Ex02_ShadersApp.swift */; };
		BE384D5D2CFDC188000A0B50 /* ContentView.swift in Sources */ = {isa = PBXBuildFile; fileRef = BE384D5C2CFDC188000A0B50 /* ContentView.swift */; };
		BE384D5F2CFDC18B000A0B50 /* Assets.xcassets in Resources */ = {isa = PBXBuildFile; fileRef = BE384D5E2CFDC18B000A0B50 /* Assets.xcassets */; };
		BE384D622CFDC18B000A0B50 /* Preview Assets.xcassets in Resources */ = {isa = PBXBuildFile; fileRef = BE384D612CFDC18B000A0B50 /* Preview Assets.xcassets */; };
		BE384D692D005A12000A0B50 /* RendererViewController.swift in Sources */ = {isa = PBXBuildFile; fileRef = BE384D682D005A12000A0B50 /* RendererViewController.swift */; };
		BE384D6B2D005C3F000A0B50 /* Shaders.metal in Sources */ = {isa = PBXBuildFile; fileRef = BE384D6A2D005C3F000A0B50 /* Shaders.metal */; };
		BE384D702D005EB5000A0B50 /* ShadersView.swift in Sources */ = {isa = PBXBuildFile; fileRef = BE384D6F2D005EB5000A0B50 /* ShadersView.swift */; };
		BE384D722D00807C000A0B50 /* Vertex.swift in Sources */ = {isa = PBXBuildFile; fileRef = BE384D712D00807C000A0B50 /* Vertex.swift */; };
/* End PBXBuildFile section */

/* Begin PBXFileReference section */
		BE384D572CFDC188000A0B50 /* Ex02-Shaders.app */ = {isa = PBXFileReference; explicitFileType = wrapper.application; includeInIndex = 0; path = "Ex02-Shaders.app"; sourceTree = BUILT_PRODUCTS_DIR; };
		BE384D5A2CFDC188000A0B50 /* Ex02_ShadersApp.swift */ = {isa = PBXFileReference; lastKnownFileType = sourcecode.swift; path = Ex02_ShadersApp.swift; sourceTree = "<group>"; };
		BE384D5C2CFDC188000A0B50 /* ContentView.swift */ = {isa = PBXFileReference; lastKnownFileType = sourcecode.swift; path = ContentView.swift; sourceTree = "<group>"; };
		BE384D5E2CFDC18B000A0B50 /* Assets.xcassets */ = {isa = PBXFileReference; lastKnownFileType = folder.assetcatalog; path = Assets.xcassets; sourceTree = "<group>"; };
		BE384D612CFDC18B000A0B50 /* Preview Assets.xcassets */ = {isa = PBXFileReference; lastKnownFileType = folder.assetcatalog; path = "Preview Assets.xcassets"; sourceTree = "<group>"; };
		BE384D682D005A12000A0B50 /* RendererViewController.swift */ = {isa = PBXFileReference; lastKnownFileType = sourcecode.swift; path = RendererViewController.swift; sourceTree = "<group>"; };
		BE384D6A2D005C3F000A0B50 /* Shaders.metal */ = {isa = PBXFileReference; lastKnownFileType = sourcecode.metal; path = Shaders.metal; sourceTree = "<group>"; };
		BE384D6F2D005EB5000A0B50 /* ShadersView.swift */ = {isa = PBXFileReference; lastKnownFileType = sourcecode.swift; path = ShadersView.swift; sourceTree = "<group>"; };
		BE384D712D00807C000A0B50 /* Vertex.swift */ = {isa = PBXFileReference; lastKnownFileType = sourcecode.swift; path = Vertex.swift; sourceTree = "<group>"; };
/* End PBXFileReference section */

/* Begin PBXFrameworksBuildPhase section */
		BE384D542CFDC188000A0B50 /* Frameworks */ = {
			isa = PBXFrameworksBuildPhase;
			buildActionMask = 2147483647;
			files = (
			);
			runOnlyForDeploymentPostprocessing = 0;
		};
/* End PBXFrameworksBuildPhase section */

/* Begin PBXGroup section */
		BE384D4E2CFDC188000A0B50 = {
			isa = PBXGroup;
			children = (
				BE384D592CFDC188000A0B50 /* Ex02-Shaders */,
				BE384D582CFDC188000A0B50 /* Products */,
			);
			sourceTree = "<group>";
		};
		BE384D582CFDC188000A0B50 /* Products */ = {
			isa = PBXGroup;
			children = (
				BE384D572CFDC188000A0B50 /* Ex02-Shaders.app */,
			);
			name = Products;
			sourceTree = "<group>";
		};
		BE384D592CFDC188000A0B50 /* Ex02-Shaders */ = {
			isa = PBXGroup;
			children = (
				BE384D5A2CFDC188000A0B50 /* Ex02_ShadersApp.swift */,
				BE384D5C2CFDC188000A0B50 /* ContentView.swift */,
				BE384D6F2D005EB5000A0B50 /* ShadersView.swift */,
				BE384D682D005A12000A0B50 /* RendererViewController.swift */,
				BE384D6A2D005C3F000A0B50 /* Shaders.metal */,
				BE384D712D00807C000A0B50 /* Vertex.swift */,
				BE384D5E2CFDC18B000A0B50 /* Assets.xcassets */,
				BE384D602CFDC18B000A0B50 /* Preview Content */,
			);
			path = "Ex02-Shaders";
			sourceTree = "<group>";
		};
		BE384D602CFDC18B000A0B50 /* Preview Content */ = {
			isa = PBXGroup;
			children = (
				BE384D612CFDC18B000A0B50 /* Preview Assets.xcassets */,
			);
			path = "Preview Content";
			sourceTree = "<group>";
		};
/* End PBXGroup section */

/* Begin PBXNativeTarget section */
		BE384D562CFDC188000A0B50 /* Ex02-Shaders */ = {
			isa = PBXNativeTarget;
			buildConfigurationList = BE384D652CFDC18B000A0B50 /* Build configuration list for PBXNativeTarget "Ex02-Shaders" */;
			buildPhases = (
				BE384D532CFDC188000A0B50 /* Sources */,
				BE384D542CFDC188000A0B50 /* Frameworks */,
				BE384D552CFDC188000A0B50 /* Resources */,
			);
			buildRules = (
			);
			dependencies = (
			);
			name = "Ex02-Shaders";
			productName = "Ex02-Shaders";
			productReference = BE384D572CFDC188000A0B50 /* Ex02-Shaders.app */;
			productType = "com.apple.product-type.application";
		};
/* End PBXNativeTarget section */

/* Begin PBXProject section */
		BE384D4F2CFDC188000A0B50 /* Project object */ = {
			isa = PBXProject;
			attributes = {
				BuildIndependentTargetsInParallel = 1;
				LastSwiftUpdateCheck = 1420;
				LastUpgradeCheck = 1420;
				TargetAttributes = {
					BE384D562CFDC188000A0B50 = {
						CreatedOnToolsVersion = 14.2;
					};
				};
			};
			buildConfigurationList = BE384D522CFDC188000A0B50 /* Build configuration list for PBXProject "Ex02-Shaders" */;
			compatibilityVersion = "Xcode 14.0";
			developmentRegion = en;
			hasScannedForEncodings = 0;
			knownRegions = (
				en,
				Base,
			);
			mainGroup = BE384D4E2CFDC188000A0B50;
			productRefGroup = BE384D582CFDC188000A0B50 /* Products */;
			projectDirPath = "";
			projectRoot = "";
			targets = (
				BE384D562CFDC188000A0B50 /* Ex02-Shaders */,
			);
		};
/* End PBXProject section */

/* Begin PBXResourcesBuildPhase section */
		BE384D552CFDC188000A0B50 /* Resources */ = {
			isa = PBXResourcesBuildPhase;
			buildActionMask = 2147483647;
			files = (
				BE384D622CFDC18B000A0B50 /* Preview Assets.xcassets in Resources */,
				BE384D5F2CFDC18B000A0B50 /* Assets.xcassets in Resources */,
			);
			runOnlyForDeploymentPostprocessing = 0;
		};
/* End PBXResourcesBuildPhase section */

/* Begin PBXSourcesBuildPhase section */
		BE384D532CFDC188000A0B50 /* Sources */ = {
			isa = PBXSourcesBuildPhase;
			buildActionMask = 2147483647;
			files = (
				BE384D5D2CFDC188000A0B50 /* ContentView.swift in Sources */,
				BE384D702D005EB5000A0B50 /* ShadersView.swift in Sources */,
				BE384D692D005A12000A0B50 /* RendererViewController.swift in Sources */,
				BE384D5B2CFDC188000A0B50 /* Ex02_ShadersApp.swift in Sources */,
				BE384D6B2D005C3F000A0B50 /* Shaders.metal in Sources */,
				BE384D722D00807C000A0B50 /* Vertex.swift in Sources */,
			);
			runOnlyForDeploymentPostprocessing = 0;
		};
/* End PBXSourcesBuildPhase section */

/* Begin XCBuildConfiguration section */
		BE384D632CFDC18B000A0B50 /* Debug */ = {
			isa = XCBuildConfiguration;
			buildSettings = {
				ALWAYS_SEARCH_USER_PATHS = NO;
				CLANG_ANALYZER_NONNULL = YES;
				CLANG_ANALYZER_NUMBER_OBJECT_CONVERSION = YES_AGGRESSIVE;
				CLANG_CXX_LANGUAGE_STANDARD = "gnu++20";
				CLANG_ENABLE_MODULES = YES;
				CLANG_ENABLE_OBJC_ARC = YES;
				CLANG_ENABLE_OBJC_WEAK = YES;
				CLANG_WARN_BLOCK_CAPTURE_AUTORELEASING = YES;
				CLANG_WARN_BOOL_CONVERSION = YES;
				CLANG_WARN_COMMA = YES;
				CLANG_WARN_CONSTANT_CONVERSION = YES;
				CLANG_WARN_DEPRECATED_OBJC_IMPLEMENTATIONS = YES;
				CLANG_WARN_DIRECT_OBJC_ISA_USAGE = YES_ERROR;
				CLANG_WARN_DOCUMENTATION_COMMENTS = YES;
				CLANG_WARN_EMPTY_BODY = YES;
				CLANG_WARN_ENUM_CONVERSION = YES;
				CLANG_WARN_INFINITE_RECURSION = YES;
				CLANG_WARN_INT_CONVERSION = YES;
				CLANG_WARN_NON_LITERAL_NULL_CONVERSION = YES;
				CLANG_WARN_OBJC_IMPLICIT_RETAIN_SELF = YES;
				CLANG_WARN_OBJC_LITERAL_CONVERSION = YES;
				CLANG_WARN_OBJC_ROOT_CLASS = YES_ERROR;
				CLANG_WARN_QUOTED_INCLUDE_IN_FRAMEWORK_HEADER = YES;
				CLANG_WARN_RANGE_LOOP_ANALYSIS = YES;
				CLANG_WARN_STRICT_PROTOTYPES = YES;
				CLANG_WARN_SUSPICIOUS_MOVE = YES;
				CLANG_WARN_UNGUARDED_AVAILABILITY = YES_AGGRESSIVE;
				CLANG_WARN_UNREACHABLE_CODE = YES;
				CLANG_WARN__DUPLICATE_METHOD_MATCH = YES;
				COPY_PHASE_STRIP = NO;
				DEBUG_INFORMATION_FORMAT = dwarf;
				ENABLE_STRICT_OBJC_MSGSEND = YES;
				ENABLE_TESTABILITY = YES;
				GCC_C_LANGUAGE_STANDARD = gnu11;
				GCC_DYNAMIC_NO_PIC = NO;
				GCC_NO_COMMON_BLOCKS = YES;
				GCC_OPTIMIZATION_LEVEL = 0;
				GCC_PREPROCESSOR_DEFINITIONS = (
					"DEBUG=1",
					"$(inherited)",
				);
				GCC_WARN_64_TO_32_BIT_CONVERSION = YES;
				GCC_WARN_ABOUT_RETURN_TYPE = YES_ERROR;
				GCC_WARN_UNDECLARED_SELECTOR = YES;
				GCC_WARN_UNINITIALIZED_AUTOS = YES_AGGRESSIVE;
				GCC_WARN_UNUSED_FUNCTION = YES;
				GCC_WARN_UNUSED_VARIABLE = YES;
				IPHONEOS_DEPLOYMENT_TARGET = 16.2;
				MTL_ENABLE_DEBUG_INFO = INCLUDE_SOURCE;
				MTL_FAST_MATH = YES;
				ONLY_ACTIVE_ARCH = YES;
				SDKROOT = iphoneos;
				SWIFT_ACTIVE_COMPILATION_CONDITIONS = DEBUG;
				SWIFT_OPTIMIZATION_LEVEL = "-Onone";
			};
			name = Debug;
		};
		BE384D642CFDC18B000A0B50 /* Release */ = {
			isa = XCBuildConfiguration;
			buildSettings = {
				ALWAYS_SEARCH_USER_PATHS = NO;
				CLANG_ANALYZER_NONNULL = YES;
				CLANG_ANALYZER_NUMBER_OBJECT_CONVERSION = YES_AGGRESSIVE;
				CLANG_CXX_LANGUAGE_STANDARD = "gnu++20";
				CLANG_ENABLE_MODULES = YES;
				CLANG_ENABLE_OBJC_ARC = YES;
				CLANG_ENABLE_OBJC_WEAK = YES;
				CLANG_WARN_BLOCK_CAPTURE_AUTORELEASING = YES;
				CLANG_WARN_BOOL_CONVERSION = YES;
				CLANG_WARN_COMMA = YES;
				CLANG_WARN_CONSTANT_CONVERSION = YES;
				CLANG_WARN_DEPRECATED_OBJC_IMPLEMENTATIONS = YES;
				CLANG_WARN_DIRECT_OBJC_ISA_USAGE = YES_ERROR;
				CLANG_WARN_DOCUMENTATION_COMMENTS = YES;
				CLANG_WARN_EMPTY_BODY = YES;
				CLANG_WARN_ENUM_CONVERSION = YES;
				CLANG_WARN_INFINITE_RECURSION = YES;
				CLANG_WARN_INT_CONVERSION = YES;
				CLANG_WARN_NON_LITERAL_NULL_CONVERSION = YES;
				CLANG_WARN_OBJC_IMPLICIT_RETAIN_SELF = YES;
				CLANG_WARN_OBJC_LITERAL_CONVERSION = YES;
				CLANG_WARN_OBJC_ROOT_CLASS = YES_ERROR;
				CLANG_WARN_QUOTED_INCLUDE_IN_FRAMEWORK_HEADER = YES;
				CLANG_WARN_RANGE_LOOP_ANALYSIS = YES;
				CLANG_WARN_STRICT_PROTOTYPES = YES;
				CLANG_WARN_SUSPICIOUS_MOVE = YES;
				CLANG_WARN_UNGUARDED_AVAILABILITY = YES_AGGRESSIVE;
				CLANG_WARN_UNREACHABLE_CODE = YES;
				CLANG_WARN__DUPLICATE_METHOD_MATCH = YES;
				COPY_PHASE_STRIP = NO;
				DEBUG_INFORMATION_FORMAT = "dwarf-with-dsym";
				ENABLE_NS_ASSERTIONS = NO;
				ENABLE_STRICT_OBJC_MSGSEND = YES;
				GCC_C_LANGUAGE_STANDARD = gnu11;
				GCC_NO_COMMON_BLOCKS = YES;
				GCC_WARN_64_TO_32_BIT_CONVERSION = YES;
				GCC_WARN_ABOUT_RETURN_TYPE = YES_ERROR;
				GCC_WARN_UNDECLARED_SELECTOR = YES;
				GCC_WARN_UNINITIALIZED_AUTOS = YES_AGGRESSIVE;
				GCC_WARN_UNUSED_FUNCTION = YES;
				GCC_WARN_UNUSED_VARIABLE = YES;
				IPHONEOS_DEPLOYMENT_TARGET = 16.2;
				MTL_ENABLE_DEBUG_INFO = NO;
				MTL_FAST_MATH = YES;
				SDKROOT = iphoneos;
				SWIFT_COMPILATION_MODE = wholemodule;
				SWIFT_OPTIMIZATION_LEVEL = "-O";
				VALIDATE_PRODUCT = YES;
			};
			name = Release;
		};
		BE384D662CFDC18B000A0B50 /* Debug */ = {
			isa = XCBuildConfiguration;
			buildSettings = {
				ASSETCATALOG_COMPILER_APPICON_NAME = AppIcon;
				ASSETCATALOG_COMPILER_GLOBAL_ACCENT_COLOR_NAME = AccentColor;
				CODE_SIGN_STYLE = Automatic;
				CURRENT_PROJECT_VERSION = 1;
				DEVELOPMENT_ASSET_PATHS = "\"Ex02-Shaders/Preview Content\"";
				DEVELOPMENT_TEAM = 8T9KYF6LUJ;
				ENABLE_PREVIEWS = YES;
				GENERATE_INFOPLIST_FILE = YES;
				INFOPLIST_KEY_UIApplicationSceneManifest_Generation = YES;
				INFOPLIST_KEY_UIApplicationSupportsIndirectInputEvents = YES;
				INFOPLIST_KEY_UILaunchScreen_Generation = YES;
				INFOPLIST_KEY_UISupportedInterfaceOrientations_iPad = "UIInterfaceOrientationPortrait UIInterfaceOrientationPortraitUpsideDown UIInterfaceOrientationLandscapeLeft UIInterfaceOrientationLandscapeRight";
				INFOPLIST_KEY_UISupportedInterfaceOrientations_iPhone = "UIInterfaceOrientationPortrait UIInterfaceOrientationLandscapeLeft UIInterfaceOrientationLandscapeRight";
				LD_RUNPATH_SEARCH_PATHS = (
					"$(inherited)",
					"@executable_path/Frameworks",
				);
				MARKETING_VERSION = 1.0;
				PRODUCT_BUNDLE_IDENTIFIER = "khl.Ex02-Shaders";
				PRODUCT_NAME = "$(TARGET_NAME)";
				SWIFT_EMIT_LOC_STRINGS = YES;
				SWIFT_VERSION = 5.0;
				TARGETED_DEVICE_FAMILY = "1,2";
			};
			name = Debug;
		};
		BE384D672CFDC18B000A0B50 /* Release */ = {
			isa = XCBuildConfiguration;
			buildSettings = {
				ASSETCATALOG_COMPILER_APPICON_NAME = AppIcon;
				ASSETCATALOG_COMPILER_GLOBAL_ACCENT_COLOR_NAME = AccentColor;
				CODE_SIGN_STYLE = Automatic;
				CURRENT_PROJECT_VERSION = 1;
				DEVELOPMENT_ASSET_PATHS = "\"Ex02-Shaders/Preview Content\"";
				DEVELOPMENT_TEAM = 8T9KYF6LUJ;
				ENABLE_PREVIEWS = YES;
				GENERATE_INFOPLIST_FILE = YES;
				INFOPLIST_KEY_UIApplicationSceneManifest_Generation = YES;
				INFOPLIST_KEY_UIApplicationSupportsIndirectInputEvents = YES;
				INFOPLIST_KEY_UILaunchScreen_Generation = YES;
				INFOPLIST_KEY_UISupportedInterfaceOrientations_iPad = "UIInterfaceOrientationPortrait UIInterfaceOrientationPortraitUpsideDown UIInterfaceOrientationLandscapeLeft UIInterfaceOrientationLandscapeRight";
				INFOPLIST_KEY_UISupportedInterfaceOrientations_iPhone = "UIInterfaceOrientationPortrait UIInterfaceOrientationLandscapeLeft UIInterfaceOrientationLandscapeRight";
				LD_RUNPATH_SEARCH_PATHS = (
					"$(inherited)",
					"@executable_path/Frameworks",
				);
				MARKETING_VERSION = 1.0;
				PRODUCT_BUNDLE_IDENTIFIER = "khl.Ex02-Shaders";
				PRODUCT_NAME = "$(TARGET_NAME)";
				SWIFT_EMIT_LOC_STRINGS = YES;
				SWIFT_VERSION = 5.0;
				TARGETED_DEVICE_FAMILY = "1,2";
			};
			name = Release;
		};
/* End XCBuildConfiguration section */

/* Begin XCConfigurationList section */
		BE384D522CFDC188000A0B50 /* Build configuration list for PBXProject "Ex02-Shaders" */ = {
			isa = XCConfigurationList;
			buildConfigurations = (
				BE384D632CFDC18B000A0B50 /* Debug */,
				BE384D642CFDC18B000A0B50 /* Release */,
			);
			defaultConfigurationIsVisible = 0;
			defaultConfigurationName = Release;
		};
		BE384D652CFDC18B000A0B50 /* Build configuration list for PBXNativeTarget "Ex02-Shaders" */ = {
			isa = XCConfigurationList;
			buildConfigurations = (
				BE384D662CFDC18B000A0B50 /* Debug */,
				BE384D672CFDC18B000A0B50 /* Release */,
			);
			defaultConfigurationIsVisible = 0;
			defaultConfigurationName = Release;
		};
/* End XCConfigurationList section */
	};
	rootObject = BE384D4F2CFDC188000A0B50 /* Project object */;
}
